# THIS IS AN AUTOGENERATED FILE. DO NOT EDIT THIS FILE DIRECTLY.
# yarn lockfile v1


iter-object@^1.0.0:
  version "1.0.0"
  resolved "https://registry.yarnpkg.com/iter-object/-/iter-object-1.0.0.tgz#53ff2441631966bd135b4781ab70ed06f38ace95"
  integrity sha512-lEXm7QPEzTsPoZTPk6DsEB83S0blXFQ9AJ80/jGTNhR+GfMTz3FYxAcSxSSx7WrnGx3ryoGqlYmydxgK2b99XQ==
